Microsoft Visual Studio Solution File, Format Version 11.00
# Visual Studio 2008

Project("{2BC1D859-B4E6-CFC0-36C5-DD5676082419}") = "Unity-Shade Shift", "Assembly-CSharp-firstpass-vs.csproj", "{4960C04D-17E9-EB2B-3A95-492BE2AAA772}"
EndProject
Project("{2BC1D859-B4E6-CFC0-36C5-DD5676082419}") = "Unity-Shade Shift", "Assembly-CSharp-vs.csproj", "{05CB372B-ECC5-DFC5-C828-260B68F192C2}"
EndProject
Project("{2BC1D859-B4E6-CFC0-36C5-DD5676082419}") = "Unity-Shade Shift", "Assembly-CSharp-Editor-firstpass-vs.csproj", "{178A958C-708A-3FE9-35C4-A72754414B9D}"
EndProject
Global
	GlobalSection(SolutionConfigurationPlatforms) = preSolution
		Debug|Any CPU = Debug|Any CPU
		Release|Any CPU = Release|Any CPU
	EndGlobalSection
	GlobalSection(ProjectConfigurationPlatforms) = postSolution
		{4960C04D-17E9-EB2B-3A95-492BE2AAA772}.Debug|Any CPU.ActiveCfg = Debug|Any CPU
		{4960C04D-17E9-EB2B-3A95-492BE2AAA772}.Debug|Any CPU.Build.0 = Debug|Any CPU
		{4960C04D-17E9-EB2B-3A95-492BE2AAA772}.Release|Any CPU.ActiveCfg = Release|Any CPU
		{4960C04D-17E9-EB2B-3A95-492BE2AAA772}.Release|Any CPU.Build.0 = Release|Any CPU
		{05CB372B-ECC5-DFC5-C828-260B68F192C2}.Debug|Any CPU.ActiveCfg = Debug|Any CPU
		{05CB372B-ECC5-DFC5-C828-260B68F192C2}.Debug|Any CPU.Build.0 = Debug|Any CPU
		{05CB372B-ECC5-DFC5-C828-260B68F192C2}.Release|Any CPU.ActiveCfg = Release|Any CPU
		{05CB372B-ECC5-DFC5-C828-260B68F192C2}.Release|Any CPU.Build.0 = Release|Any CPU
		{178A958C-708A-3FE9-35C4-A72754414B9D}.Debug|Any CPU.ActiveCfg = Debug|Any CPU
		{178A958C-708A-3FE9-35C4-A72754414B9D}.Debug|Any CPU.Build.0 = Debug|Any CPU
		{178A958C-708A-3FE9-35C4-A72754414B9D}.Release|Any CPU.ActiveCfg = Release|Any CPU
		{178A958C-708A-3FE9-35C4-A72754414B9D}.Release|Any CPU.Build.0 = Release|Any CPU
	EndGlobalSection
	GlobalSection(SolutionProperties) = preSolution
		HideSolutionNode = FALSE
	EndGlobalSection
									GlobalSection(MonoDevelopProperties) = preSolution
		StartupItem = Assembly-CSharp.csproj
		Policies = $0
		$0.TextStylePolicy = $1
		$1.inheritsSet = null
		$1.scope = text/x-csharp
		$0.CSharpFormattingPolicy = $2
		$2.inheritsSet = Mono
		$2.inheritsScope = text/x-csharp
		$2.scope = text/x-csharp
		$0.TextStylePolicy = $3
		$3.FileWidth = 120
		$3.TabWidth = 4
		$3.IndentWidth = 4
		$3.EolMarker = Unix
		$3.inheritsSet = Mono
		$3.inheritsScope = text/plain
		$3.scope = text/plain
	EndGlobalSection

EndGlobal
